
Microsoft Visual Studio Solution File, Format Version 12.00
# Visual Studio 2013
VisualStudioVersion = 12.0.31101.0
MinimumVisualStudioVersion = 10.0.40219.1
Project("{FAE04EC0-301F-11D3-BF4B-00C04F79EFBC}") = "01.OddOrEvenIntegers", "01.OddOrEvenIntegers\01.OddOrEvenIntegers.csproj", "{C4C69A67-22F3-47F2-908E-34FABD8C6E15}"
EndProject
Project("{FAE04EC0-301F-11D3-BF4B-00C04F79EFBC}") = "02.GravitationОnТheMoon", "02.GravitationОnТheMoon\02.GravitationОnТheMoon.csproj", "{442ED612-964B-4C02-88A5-881814F864FD}"
EndProject
Project("{FAE04EC0-301F-11D3-BF4B-00C04F79EFBC}") = "03.DivideBy7And5", "03.DivideBy7And5\03.DivideBy7And5.csproj", "{73DF571E-4FF9-4D5E-B241-108A737B24AF}"
EndProject
Project("{FAE04EC0-301F-11D3-BF4B-00C04F79EFBC}") = "04.Rectangles", "04.Rectangles\04.Rectangles.csproj", "{8D5ADB63-9D12-40AF-AC8A-19D26F9951D4}"
EndProject
Project("{FAE04EC0-301F-11D3-BF4B-00C04F79EFBC}") = "05.ThirdDigitIs7", "05.ThirdDigitIs7\05.ThirdDigitIs7.csproj", "{9CDCC700-7DB2-45C5-B143-F5D31A27B4AE}"
EndProject
Project("{FAE04EC0-301F-11D3-BF4B-00C04F79EFBC}") = "06.FourDigitNumber", "06.FourDigitNumber\06.FourDigitNumber.csproj", "{29549BBF-7A8B-4F7C-8C68-792750B6C5DB}"
EndProject
Project("{FAE04EC0-301F-11D3-BF4B-00C04F79EFBC}") = "07.PointInACircle", "07.PointInACircle\07.PointInACircle.csproj", "{9AFC5C2E-1D26-44E8-AE78-BB0B8E3C065E}"
EndProject
Project("{FAE04EC0-301F-11D3-BF4B-00C04F79EFBC}") = "08.PrimeNumberCheck", "08.PrimeNumberCheck\08.PrimeNumberCheck.csproj", "{98D0DBD3-3842-47D5-ABFC-EB7CAA94FDC3}"
EndProject
Project("{FAE04EC0-301F-11D3-BF4B-00C04F79EFBC}") = "09.Trapezoids", "09.Trapezoids\09.Trapezoids.csproj", "{90AC2A56-8553-465B-8A7C-D9BA4EF21F3D}"
EndProject
Project("{FAE04EC0-301F-11D3-BF4B-00C04F79EFBC}") = "10.PointInsideACircleAndOutsideOfARectangle", "10.PointInsideACircleAndOutsideOfARectangle\10.PointInsideACircleAndOutsideOfARectangle.csproj", "{777D1720-1C95-45C8-BB54-5A0404E484C8}"
EndProject
Project("{FAE04EC0-301F-11D3-BF4B-00C04F79EFBC}") = "11.BitwiseExtractBit3", "11.BitwiseExtractBit3\11.BitwiseExtractBit3.csproj", "{EB9D3319-7698-4C6D-8C80-44918E4FF94E}"
EndProject
Project("{FAE04EC0-301F-11D3-BF4B-00C04F79EFBC}") = "12.ExtractBitFromInteger", "12.ExtractBitFromInteger\12.ExtractBitFromInteger.csproj", "{582D4D4C-08C6-4935-AB28-1E7EB84416B0}"
EndProject
Project("{FAE04EC0-301F-11D3-BF4B-00C04F79EFBC}") = "13.CheckABitAtGivenPosition", "13. Check a Bit at Given Position\13.CheckABitAtGivenPosition.csproj", "{F4AF0FFD-17B7-4B56-9E83-2EA6B4D28C2F}"
EndProject
Project("{FAE04EC0-301F-11D3-BF4B-00C04F79EFBC}") = "14.ModifyABitAtGivenPosition", "14.ModifyABitAtGivenPosition\14.ModifyABitAtGivenPosition.csproj", "{2D62007F-1D8B-4285-A1BF-188619D9D008}"
EndProject
Project("{FAE04EC0-301F-11D3-BF4B-00C04F79EFBC}") = "15.BitsExchange", "15.BitsExchange\15.BitsExchange.csproj", "{60E5CA22-7CA9-4E01-B21C-496AC938722C}"
EndProject
Project("{FAE04EC0-301F-11D3-BF4B-00C04F79EFBC}") = "16.BitExchangeAdvanced", "16.BitExchangeAdvanced\16.BitExchangeAdvanced.csproj", "{183960E8-3E06-4D71-B476-BBDA4BE72B6B}"
EndProject
Global
	GlobalSection(SolutionConfigurationPlatforms) = preSolution
		Debug|Any CPU = Debug|Any CPU
		Release|Any CPU = Release|Any CPU
	EndGlobalSection
	GlobalSection(ProjectConfigurationPlatforms) = postSolution
		{C4C69A67-22F3-47F2-908E-34FABD8C6E15}.Debug|Any CPU.ActiveCfg = Debug|Any CPU
		{C4C69A67-22F3-47F2-908E-34FABD8C6E15}.Debug|Any CPU.Build.0 = Debug|Any CPU
		{C4C69A67-22F3-47F2-908E-34FABD8C6E15}.Release|Any CPU.ActiveCfg = Release|Any CPU
		{C4C69A67-22F3-47F2-908E-34FABD8C6E15}.Release|Any CPU.Build.0 = Release|Any CPU
		{442ED612-964B-4C02-88A5-881814F864FD}.Debug|Any CPU.ActiveCfg = Debug|Any CPU
		{442ED612-964B-4C02-88A5-881814F864FD}.Debug|Any CPU.Build.0 = Debug|Any CPU
		{442ED612-964B-4C02-88A5-881814F864FD}.Release|Any CPU.ActiveCfg = Release|Any CPU
		{442ED612-964B-4C02-88A5-881814F864FD}.Release|Any CPU.Build.0 = Release|Any CPU
		{73DF571E-4FF9-4D5E-B241-108A737B24AF}.Debug|Any CPU.ActiveCfg = Debug|Any CPU
		{73DF571E-4FF9-4D5E-B241-108A737B24AF}.Debug|Any CPU.Build.0 = Debug|Any CPU
		{73DF571E-4FF9-4D5E-B241-108A737B24AF}.Release|Any CPU.ActiveCfg = Release|Any CPU
		{73DF571E-4FF9-4D5E-B241-108A737B24AF}.Release|Any CPU.Build.0 = Release|Any CPU
		{8D5ADB63-9D12-40AF-AC8A-19D26F9951D4}.Debug|Any CPU.ActiveCfg = Debug|Any CPU
		{8D5ADB63-9D12-40AF-AC8A-19D26F9951D4}.Debug|Any CPU.Build.0 = Debug|Any CPU
		{8D5ADB63-9D12-40AF-AC8A-19D26F9951D4}.Release|Any CPU.ActiveCfg = Release|Any CPU
		{8D5ADB63-9D12-40AF-AC8A-19D26F9951D4}.Release|Any CPU.Build.0 = Release|Any CPU
		{9CDCC700-7DB2-45C5-B143-F5D31A27B4AE}.Debug|Any CPU.ActiveCfg = Debug|Any CPU
		{9CDCC700-7DB2-45C5-B143-F5D31A27B4AE}.Debug|Any CPU.Build.0 = Debug|Any CPU
		{9CDCC700-7DB2-45C5-B143-F5D31A27B4AE}.Release|Any CPU.ActiveCfg = Release|Any CPU
		{9CDCC700-7DB2-45C5-B143-F5D31A27B4AE}.Release|Any CPU.Build.0 = Release|Any CPU
		{29549BBF-7A8B-4F7C-8C68-792750B6C5DB}.Debug|Any CPU.ActiveCfg = Debug|Any CPU
		{29549BBF-7A8B-4F7C-8C68-792750B6C5DB}.Debug|Any CPU.Build.0 = Debug|Any CPU
		{29549BBF-7A8B-4F7C-8C68-792750B6C5DB}.Release|Any CPU.ActiveCfg = Release|Any CPU
		{29549BBF-7A8B-4F7C-8C68-792750B6C5DB}.Release|Any CPU.Build.0 = Release|Any CPU
		{9AFC5C2E-1D26-44E8-AE78-BB0B8E3C065E}.Debug|Any CPU.ActiveCfg = Debug|Any CPU
		{9AFC5C2E-1D26-44E8-AE78-BB0B8E3C065E}.Debug|Any CPU.Build.0 = Debug|Any CPU
		{9AFC5C2E-1D26-44E8-AE78-BB0B8E3C065E}.Release|Any CPU.ActiveCfg = Release|Any CPU
		{9AFC5C2E-1D26-44E8-AE78-BB0B8E3C065E}.Release|Any CPU.Build.0 = Release|Any CPU
		{98D0DBD3-3842-47D5-ABFC-EB7CAA94FDC3}.Debug|Any CPU.ActiveCfg = Debug|Any CPU
		{98D0DBD3-3842-47D5-ABFC-EB7CAA94FDC3}.Debug|Any CPU.Build.0 = Debug|Any CPU
		{98D0DBD3-3842-47D5-ABFC-EB7CAA94FDC3}.Release|Any CPU.ActiveCfg = Release|Any CPU
		{98D0DBD3-3842-47D5-ABFC-EB7CAA94FDC3}.Release|Any CPU.Build.0 = Release|Any CPU
		{90AC2A56-8553-465B-8A7C-D9BA4EF21F3D}.Debug|Any CPU.ActiveCfg = Debug|Any CPU
		{90AC2A56-8553-465B-8A7C-D9BA4EF21F3D}.Debug|Any CPU.Build.0 = Debug|Any CPU
		{90AC2A56-8553-465B-8A7C-D9BA4EF21F3D}.Release|Any CPU.ActiveCfg = Release|Any CPU
		{90AC2A56-8553-465B-8A7C-D9BA4EF21F3D}.Release|Any CPU.Build.0 = Release|Any CPU
		{777D1720-1C95-45C8-BB54-5A0404E484C8}.Debug|Any CPU.ActiveCfg = Debug|Any CPU
		{777D1720-1C95-45C8-BB54-5A0404E484C8}.Debug|Any CPU.Build.0 = Debug|Any CPU
		{777D1720-1C95-45C8-BB54-5A0404E484C8}.Release|Any CPU.ActiveCfg = Release|Any CPU
		{777D1720-1C95-45C8-BB54-5A0404E484C8}.Release|Any CPU.Build.0 = Release|Any CPU
		{EB9D3319-7698-4C6D-8C80-44918E4FF94E}.Debug|Any CPU.ActiveCfg = Debug|Any CPU
		{EB9D3319-7698-4C6D-8C80-44918E4FF94E}.Debug|Any CPU.Build.0 = Debug|Any CPU
		{EB9D3319-7698-4C6D-8C80-44918E4FF94E}.Release|Any CPU.ActiveCfg = Release|Any CPU
		{EB9D3319-7698-4C6D-8C80-44918E4FF94E}.Release|Any CPU.Build.0 = Release|Any CPU
		{582D4D4C-08C6-4935-AB28-1E7EB84416B0}.Debug|Any CPU.ActiveCfg = Debug|Any CPU
		{582D4D4C-08C6-4935-AB28-1E7EB84416B0}.Debug|Any CPU.Build.0 = Debug|Any CPU
		{582D4D4C-08C6-4935-AB28-1E7EB84416B0}.Release|Any CPU.ActiveCfg = Release|Any CPU
		{582D4D4C-08C6-4935-AB28-1E7EB84416B0}.Release|Any CPU.Build.0 = Release|Any CPU
		{F4AF0FFD-17B7-4B56-9E83-2EA6B4D28C2F}.Debug|Any CPU.ActiveCfg = Debug|Any CPU
		{F4AF0FFD-17B7-4B56-9E83-2EA6B4D28C2F}.Debug|Any CPU.Build.0 = Debug|Any CPU
		{F4AF0FFD-17B7-4B56-9E83-2EA6B4D28C2F}.Release|Any CPU.ActiveCfg = Release|Any CPU
		{F4AF0FFD-17B7-4B56-9E83-2EA6B4D28C2F}.Release|Any CPU.Build.0 = Release|Any CPU
		{2D62007F-1D8B-4285-A1BF-188619D9D008}.Debug|Any CPU.ActiveCfg = Debug|Any CPU
		{2D62007F-1D8B-4285-A1BF-188619D9D008}.Debug|Any CPU.Build.0 = Debug|Any CPU
		{2D62007F-1D8B-4285-A1BF-188619D9D008}.Release|Any CPU.ActiveCfg = Release|Any CPU
		{2D62007F-1D8B-4285-A1BF-188619D9D008}.Release|Any CPU.Build.0 = Release|Any CPU
		{60E5CA22-7CA9-4E01-B21C-496AC938722C}.Debug|Any CPU.ActiveCfg = Debug|Any CPU
		{60E5CA22-7CA9-4E01-B21C-496AC938722C}.Debug|Any CPU.Build.0 = Debug|Any CPU
		{60E5CA22-7CA9-4E01-B21C-496AC938722C}.Release|Any CPU.ActiveCfg = Release|Any CPU
		{60E5CA22-7CA9-4E01-B21C-496AC938722C}.Release|Any CPU.Build.0 = Release|Any CPU
		{183960E8-3E06-4D71-B476-BBDA4BE72B6B}.Debug|Any CPU.ActiveCfg = Debug|Any CPU
		{183960E8-3E06-4D71-B476-BBDA4BE72B6B}.Debug|Any CPU.Build.0 = Debug|Any CPU
		{183960E8-3E06-4D71-B476-BBDA4BE72B6B}.Release|Any CPU.ActiveCfg = Release|Any CPU
		{183960E8-3E06-4D71-B476-BBDA4BE72B6B}.Release|Any CPU.Build.0 = Release|Any CPU
	EndGlobalSection
	GlobalSection(SolutionProperties) = preSolution
		HideSolutionNode = FALSE
	EndGlobalSection
EndGlobal
